// !$*UTF8*$!
{
	archiveVersion = 1;
	classes = {
	};
	objectVersion = 55;
	objects = {

/* Begin PBXBuildFile section */
		AC55AFAC26AF7FF200255B34 /* ScreenshotsScenarioViewController.swift in Sources */ = {isa = PBXBuildFile; fileRef = AC55AFAB26AF7FF200255B34 /* ScreenshotsScenarioViewController.swift */; };
		AC55AFAE26AF802500255B34 /* ScreenshotScenario+GestureVisualizer.swift in Sources */ = {isa = PBXBuildFile; fileRef = AC55AFAD26AF802500255B34 /* ScreenshotScenario+GestureVisualizer.swift */; };
		AC55AFB126AF839F00255B34 /* ScreenshotScenario+Environment.swift in Sources */ = {isa = PBXBuildFile; fileRef = AC55AFB026AF839F00255B34 /* ScreenshotScenario+Environment.swift */; };
		ACE5177C26A4324400027B64 /* AppDelegate.swift in Sources */ = {isa = PBXBuildFile; fileRef = ACE5177B26A4324400027B64 /* AppDelegate.swift */; };
		ACE5177E26A4324400027B64 /* SceneDelegate.swift in Sources */ = {isa = PBXBuildFile; fileRef = ACE5177D26A4324400027B64 /* SceneDelegate.swift */; };
		ACE5178026A4324400027B64 /* ViewController.swift in Sources */ = {isa = PBXBuildFile; fileRef = ACE5177F26A4324400027B64 /* ViewController.swift */; };
		ACE5178526A4324600027B64 /* Assets.xcassets in Resources */ = {isa = PBXBuildFile; fileRef = ACE5178426A4324600027B64 /* Assets.xcassets */; };
		ACE5178826A4324600027B64 /* LaunchScreen.storyboard in Resources */ = {isa = PBXBuildFile; fileRef = ACE5178626A4324600027B64 /* LaunchScreen.storyboard */; };
		ACE517D526ACD8D900027B64 /* GestureVisualizer in Frameworks */ = {isa = PBXBuildFile; productRef = ACE517D426ACD8D900027B64 /* GestureVisualizer */; };
		ACE517DD26AE3BEE00027B64 /* FastlaneSnapshots.swift in Sources */ = {isa = PBXBuildFile; fileRef = ACE517DC26AE3BEE00027B64 /* FastlaneSnapshots.swift */; };
		ACE517EA26AE3CFE00027B64 /* SnapshotHelper.swift in Sources */ = {isa = PBXBuildFile; fileRef = ACE517E826AE3CFE00027B64 /* SnapshotHelper.swift */; };
/* End PBXBuildFile section */

/* Begin PBXContainerItemProxy section */
		ACE517DE26AE3BEE00027B64 /* PBXContainerItemProxy */ = {
			isa = PBXContainerItemProxy;
			containerPortal = ACE5177026A4324400027B64 /* Project object */;
			proxyType = 1;
			remoteGlobalIDString = ACE5177726A4324400027B64;
			remoteInfo = TouchesVisualizer;
		};
/* End PBXContainerItemProxy section */

/* Begin PBXFileReference section */
		AC55AFAB26AF7FF200255B34 /* ScreenshotsScenarioViewController.swift */ = {isa = PBXFileReference; lastKnownFileType = sourcecode.swift; path = ScreenshotsScenarioViewController.swift; sourceTree = "<group>"; };
		AC55AFAD26AF802500255B34 /* ScreenshotScenario+GestureVisualizer.swift */ = {isa = PBXFileReference; lastKnownFileType = sourcecode.swift; path = "ScreenshotScenario+GestureVisualizer.swift"; sourceTree = "<group>"; };
		AC55AFB026AF839F00255B34 /* ScreenshotScenario+Environment.swift */ = {isa = PBXFileReference; lastKnownFileType = sourcecode.swift; path = "ScreenshotScenario+Environment.swift"; sourceTree = "<group>"; };
		ACE5177826A4324400027B64 /* TouchesVisualizer.app */ = {isa = PBXFileReference; explicitFileType = wrapper.application; includeInIndex = 0; path = TouchesVisualizer.app; sourceTree = BUILT_PRODUCTS_DIR; };
		ACE5177B26A4324400027B64 /* AppDelegate.swift */ = {isa = PBXFileReference; lastKnownFileType = sourcecode.swift; path = AppDelegate.swift; sourceTree = "<group>"; };
		ACE5177D26A4324400027B64 /* SceneDelegate.swift */ = {isa = PBXFileReference; lastKnownFileType = sourcecode.swift; path = SceneDelegate.swift; sourceTree = "<group>"; };
		ACE5177F26A4324400027B64 /* ViewController.swift */ = {isa = PBXFileReference; lastKnownFileType = sourcecode.swift; path = ViewController.swift; sourceTree = "<group>"; };
		ACE5178426A4324600027B64 /* Assets.xcassets */ = {isa = PBXFileReference; lastKnownFileType = folder.assetcatalog; path = Assets.xcassets; sourceTree = "<group>"; };
		ACE5178726A4324600027B64 /* Base */ = {isa = PBXFileReference; lastKnownFileType = file.storyboard; name = Base; path = Base.lproj/LaunchScreen.storyboard; sourceTree = "<group>"; };
		ACE5178926A4324600027B64 /* Info.plist */ = {isa = PBXFileReference; lastKnownFileType = text.plist.xml; path = Info.plist; sourceTree = "<group>"; };
		ACE517D226ACD8B800027B64 /* GestureVisualizer */ = {isa = PBXFileReference; lastKnownFileType = folder; path = GestureVisualizer; sourceTree = "<group>"; };
		ACE517DA26AE3BEE00027B64 /* FastlaneSnapshots.xctest */ = {isa = PBXFileReference; explicitFileType = wrapper.cfbundle; includeInIndex = 0; path = FastlaneSnapshots.xctest; sourceTree = BUILT_PRODUCTS_DIR; };
		ACE517DC26AE3BEE00027B64 /* FastlaneSnapshots.swift */ = {isa = PBXFileReference; lastKnownFileType = sourcecode.swift; path = FastlaneSnapshots.swift; sourceTree = "<group>"; };
		ACE517E826AE3CFE00027B64 /* SnapshotHelper.swift */ = {isa = PBXFileReference; fileEncoding = 4; lastKnownFileType = sourcecode.swift; path = SnapshotHelper.swift; sourceTree = "<group>"; };
/* End PBXFileReference section */

/* Begin PBXFrameworksBuildPhase section */
		ACE5177526A4324400027B64 /* Frameworks */ = {
			isa = PBXFrameworksBuildPhase;
			buildActionMask = 2147483647;
			files = (
				ACE517D526ACD8D900027B64 /* GestureVisualizer in Frameworks */,
			);
			runOnlyForDeploymentPostprocessing = 0;
		};
		ACE517D726AE3BEE00027B64 /* Frameworks */ = {
			isa = PBXFrameworksBuildPhase;
			buildActionMask = 2147483647;
			files = (
			);
			runOnlyForDeploymentPostprocessing = 0;
		};
/* End PBXFrameworksBuildPhase section */

/* Begin PBXGroup section */
		AC55AFAF26AF834500255B34 /* Screenshots */ = {
			isa = PBXGroup;
			children = (
				AC55AFAB26AF7FF200255B34 /* ScreenshotsScenarioViewController.swift */,
				AC55AFAD26AF802500255B34 /* ScreenshotScenario+GestureVisualizer.swift */,
				AC55AFB026AF839F00255B34 /* ScreenshotScenario+Environment.swift */,
			);
			path = Screenshots;
			sourceTree = "<group>";
		};
		ACE5176F26A4324400027B64 = {
			isa = PBXGroup;
			children = (
				ACE517D226ACD8B800027B64 /* GestureVisualizer */,
				ACE5177A26A4324400027B64 /* TouchesVisualizer */,
				ACE517DB26AE3BEE00027B64 /* FastlaneSnapshots */,
				ACE5177926A4324400027B64 /* Products */,
				ACE517D326ACD8D900027B64 /* Frameworks */,
			);
			sourceTree = "<group>";
		};
		ACE5177926A4324400027B64 /* Products */ = {
			isa = PBXGroup;
			children = (
				ACE5177826A4324400027B64 /* TouchesVisualizer.app */,
				ACE517DA26AE3BEE00027B64 /* FastlaneSnapshots.xctest */,
			);
			name = Products;
			sourceTree = "<group>";
		};
		ACE5177A26A4324400027B64 /* TouchesVisualizer */ = {
			isa = PBXGroup;
			children = (
				AC55AFAF26AF834500255B34 /* Screenshots */,
				ACE517CD26ACBE9900027B64 /* Visualizers */,
				ACE5177B26A4324400027B64 /* AppDelegate.swift */,
				ACE5177D26A4324400027B64 /* SceneDelegate.swift */,
				ACE5177F26A4324400027B64 /* ViewController.swift */,
				ACE5178426A4324600027B64 /* Assets.xcassets */,
				ACE5178626A4324600027B64 /* LaunchScreen.storyboard */,
				ACE5178926A4324600027B64 /* Info.plist */,
			);
			path = TouchesVisualizer;
			sourceTree = "<group>";
		};
		ACE517CD26ACBE9900027B64 /* Visualizers */ = {
			isa = PBXGroup;
			children = (
			);
			path = Visualizers;
			sourceTree = "<group>";
		};
		ACE517D326ACD8D900027B64 /* Frameworks */ = {
			isa = PBXGroup;
			children = (
			);
			name = Frameworks;
			sourceTree = "<group>";
		};
		ACE517DB26AE3BEE00027B64 /* FastlaneSnapshots */ = {
			isa = PBXGroup;
			children = (
				ACE517DC26AE3BEE00027B64 /* FastlaneSnapshots.swift */,
				ACE517E826AE3CFE00027B64 /* SnapshotHelper.swift */,
			);
			path = FastlaneSnapshots;
			sourceTree = "<group>";
		};
/* End PBXGroup section */

/* Begin PBXNativeTarget section */
		ACE5177726A4324400027B64 /* TouchesVisualizer */ = {
			isa = PBXNativeTarget;
			buildConfigurationList = ACE517A026A4324600027B64 /* Build configuration list for PBXNativeTarget "TouchesVisualizer" */;
			buildPhases = (
				ACE5177426A4324400027B64 /* Sources */,
				ACE5177526A4324400027B64 /* Frameworks */,
				ACE5177626A4324400027B64 /* Resources */,
			);
			buildRules = (
			);
			dependencies = (
			);
			name = TouchesVisualizer;
			packageProductDependencies = (
				ACE517D426ACD8D900027B64 /* GestureVisualizer */,
			);
			productName = TouchesVisualizer;
			productReference = ACE5177826A4324400027B64 /* TouchesVisualizer.app */;
			productType = "com.apple.product-type.application";
		};
		ACE517D926AE3BEE00027B64 /* FastlaneSnapshots */ = {
			isa = PBXNativeTarget;
			buildConfigurationList = ACE517E226AE3BEE00027B64 /* Build configuration list for PBXNativeTarget "FastlaneSnapshots" */;
			buildPhases = (
				ACE517D626AE3BEE00027B64 /* Sources */,
				ACE517D726AE3BEE00027B64 /* Frameworks */,
				ACE517D826AE3BEE00027B64 /* Resources */,
			);
			buildRules = (
			);
			dependencies = (
				ACE517DF26AE3BEE00027B64 /* PBXTargetDependency */,
			);
			name = FastlaneSnapshots;
			productName = FastlaneSnapshots;
			productReference = ACE517DA26AE3BEE00027B64 /* FastlaneSnapshots.xctest */;
			productType = "com.apple.product-type.bundle.ui-testing";
		};
/* End PBXNativeTarget section */

/* Begin PBXProject section */
		ACE5177026A4324400027B64 /* Project object */ = {
			isa = PBXProject;
			attributes = {
				BuildIndependentTargetsInParallel = 1;
				LastSwiftUpdateCheck = 1300;
				LastUpgradeCheck = 1300;
				TargetAttributes = {
					ACE5177726A4324400027B64 = {
						CreatedOnToolsVersion = 13.0;
					};
					ACE517D926AE3BEE00027B64 = {
						CreatedOnToolsVersion = 13.0;
						TestTargetID = ACE5177726A4324400027B64;
					};
				};
			};
			buildConfigurationList = ACE5177326A4324400027B64 /* Build configuration list for PBXProject "TouchesVisualizer" */;
			compatibilityVersion = "Xcode 13.0";
			developmentRegion = en;
			hasScannedForEncodings = 0;
			knownRegions = (
				en,
				Base,
			);
			mainGroup = ACE5176F26A4324400027B64;
			packageReferences = (
			);
			productRefGroup = ACE5177926A4324400027B64 /* Products */;
			projectDirPath = "";
			projectRoot = "";
			targets = (
				ACE5177726A4324400027B64 /* TouchesVisualizer */,
				ACE517D926AE3BEE00027B64 /* FastlaneSnapshots */,
			);
		};
/* End PBXProject section */

/* Begin PBXResourcesBuildPhase section */
		ACE5177626A4324400027B64 /* Resources */ = {
			isa = PBXResourcesBuildPhase;
			buildActionMask = 2147483647;
			files = (
				ACE5178826A4324600027B64 /* LaunchScreen.storyboard in Resources */,
				ACE5178526A4324600027B64 /* Assets.xcassets in Resources */,
			);
			runOnlyForDeploymentPostprocessing = 0;
		};
		ACE517D826AE3BEE00027B64 /* Resources */ = {
			isa = PBXResourcesBuildPhase;
			buildActionMask = 2147483647;
			files = (
			);
			runOnlyForDeploymentPostprocessing = 0;
		};
/* End PBXResourcesBuildPhase section */

/* Begin PBXSourcesBuildPhase section */
		ACE5177426A4324400027B64 /* Sources */ = {
			isa = PBXSourcesBuildPhase;
			buildActionMask = 2147483647;
			files = (
				ACE5178026A4324400027B64 /* ViewController.swift in Sources */,
				AC55AFAE26AF802500255B34 /* ScreenshotScenario+GestureVisualizer.swift in Sources */,
				ACE5177C26A4324400027B64 /* AppDelegate.swift in Sources */,
				AC55AFAC26AF7FF200255B34 /* ScreenshotsScenarioViewController.swift in Sources */,
				ACE5177E26A4324400027B64 /* SceneDelegate.swift in Sources */,
				AC55AFB126AF839F00255B34 /* ScreenshotScenario+Environment.swift in Sources */,
			);
			runOnlyForDeploymentPostprocessing = 0;
		};
		ACE517D626AE3BEE00027B64 /* Sources */ = {
			isa = PBXSourcesBuildPhase;
			buildActionMask = 2147483647;
			files = (
				ACE517DD26AE3BEE00027B64 /* FastlaneSnapshots.swift in Sources */,
				ACE517EA26AE3CFE00027B64 /* SnapshotHelper.swift in Sources */,
			);
			runOnlyForDeploymentPostprocessing = 0;
		};
/* End PBXSourcesBuildPhase section */

/* Begin PBXTargetDependency section */
		ACE517DF26AE3BEE00027B64 /* PBXTargetDependency */ = {
			isa = PBXTargetDependency;
			target = ACE5177726A4324400027B64 /* TouchesVisualizer */;
			targetProxy = ACE517DE26AE3BEE00027B64 /* PBXContainerItemProxy */;
		};
/* End PBXTargetDependency section */

/* Begin PBXVariantGroup section */
		ACE5178626A4324600027B64 /* LaunchScreen.storyboard */ = {
			isa = PBXVariantGroup;
			children = (
				ACE5178726A4324600027B64 /* Base */,
			);
			name = LaunchScreen.storyboard;
			sourceTree = "<group>";
		};
/* End PBXVariantGroup section */

/* Begin XCBuildConfiguration section */
		ACE5179E26A4324600027B64 /* Debug */ = {
			isa = XCBuildConfiguration;
			buildSettings = {
				ALWAYS_SEARCH_USER_PATHS = NO;
				CLANG_ANALYZER_NONNULL = YES;
				CLANG_ANALYZER_NUMBER_OBJECT_CONVERSION = YES_AGGRESSIVE;
				CLANG_CXX_LANGUAGE_STANDARD = "gnu++14";
				CLANG_CXX_LIBRARY = "libc++";
				CLANG_ENABLE_MODULES = YES;
				CLANG_ENABLE_OBJC_ARC = YES;
				CLANG_ENABLE_OBJC_WEAK = YES;
				CLANG_WARN_BLOCK_CAPTURE_AUTORELEASING = YES;
				CLANG_WARN_BOOL_CONVERSION = YES;
				CLANG_WARN_COMMA = YES;
				CLANG_WARN_CONSTANT_CONVERSION = YES;
				CLANG_WARN_DEPRECATED_OBJC_IMPLEMENTATIONS = YES;
				CLANG_WARN_DIRECT_OBJC_ISA_USAGE = YES_ERROR;
				CLANG_WARN_DOCUMENTATION_COMMENTS = YES;
				CLANG_WARN_EMPTY_BODY = YES;
				CLANG_WARN_ENUM_CONVERSION = YES;
				CLANG_WARN_INFINITE_RECURSION = YES;
				CLANG_WARN_INT_CONVERSION = YES;
				CLANG_WARN_NON_LITERAL_NULL_CONVERSION = YES;
				CLANG_WARN_OBJC_IMPLICIT_RETAIN_SELF = YES;
				CLANG_WARN_OBJC_LITERAL_CONVERSION = YES;
				CLANG_WARN_OBJC_ROOT_CLASS = YES_ERROR;
				CLANG_WARN_QUOTED_INCLUDE_IN_FRAMEWORK_HEADER = YES;
				CLANG_WARN_RANGE_LOOP_ANALYSIS = YES;
				CLANG_WARN_STRICT_PROTOTYPES = YES;
				CLANG_WARN_SUSPICIOUS_MOVE = YES;
				CLANG_WARN_UNGUARDED_AVAILABILITY = YES_AGGRESSIVE;
				CLANG_WARN_UNREACHABLE_CODE = YES;
				CLANG_WARN__DUPLICATE_METHOD_MATCH = YES;
				COPY_PHASE_STRIP = NO;
				DEBUG_INFORMATION_FORMAT = dwarf;
				ENABLE_STRICT_OBJC_MSGSEND = YES;
				ENABLE_TESTABILITY = YES;
				GCC_C_LANGUAGE_STANDARD = gnu11;
				GCC_DYNAMIC_NO_PIC = NO;
				GCC_NO_COMMON_BLOCKS = YES;
				GCC_OPTIMIZATION_LEVEL = 0;
				GCC_PREPROCESSOR_DEFINITIONS = (
					"DEBUG=1",
					"$(inherited)",
				);
				GCC_WARN_64_TO_32_BIT_CONVERSION = YES;
				GCC_WARN_ABOUT_RETURN_TYPE = YES_ERROR;
				GCC_WARN_UNDECLARED_SELECTOR = YES;
				GCC_WARN_UNINITIALIZED_AUTOS = YES_AGGRESSIVE;
				GCC_WARN_UNUSED_FUNCTION = YES;
				GCC_WARN_UNUSED_VARIABLE = YES;
				IPHONEOS_DEPLOYMENT_TARGET = 14.5;
				MTL_ENABLE_DEBUG_INFO = INCLUDE_SOURCE;
				MTL_FAST_MATH = YES;
				ONLY_ACTIVE_ARCH = YES;
				SDKROOT = iphoneos;
				SWIFT_ACTIVE_COMPILATION_CONDITIONS = DEBUG;
				SWIFT_OPTIMIZATION_LEVEL = "-Onone";
			};
			name = Debug;
		};
		ACE5179F26A4324600027B64 /* Release */ = {
			isa = XCBuildConfiguration;
			buildSettings = {
				ALWAYS_SEARCH_USER_PATHS = NO;
				CLANG_ANALYZER_NONNULL = YES;
				CLANG_ANALYZER_NUMBER_OBJECT_CONVERSION = YES_AGGRESSIVE;
				CLANG_CXX_LANGUAGE_STANDARD = "gnu++14";
				CLANG_CXX_LIBRARY = "libc++";
				CLANG_ENABLE_MODULES = YES;
				CLANG_ENABLE_OBJC_ARC = YES;
				CLANG_ENABLE_OBJC_WEAK = YES;
				CLANG_WARN_BLOCK_CAPTURE_AUTORELEASING = YES;
				CLANG_WARN_BOOL_CONVERSION = YES;
				CLANG_WARN_COMMA = YES;
				CLANG_WARN_CONSTANT_CONVERSION = YES;
				CLANG_WARN_DEPRECATED_OBJC_IMPLEMENTATIONS = YES;
				CLANG_WARN_DIRECT_OBJC_ISA_USAGE = YES_ERROR;
				CLANG_WARN_DOCUMENTATION_COMMENTS = YES;
				CLANG_WARN_EMPTY_BODY = YES;
				CLANG_WARN_ENUM_CONVERSION = YES;
				CLANG_WARN_INFINITE_RECURSION = YES;
				CLANG_WARN_INT_CONVERSION = YES;
				CLANG_WARN_NON_LITERAL_NULL_CONVERSION = YES;
				CLANG_WARN_OBJC_IMPLICIT_RETAIN_SELF = YES;
				CLANG_WARN_OBJC_LITERAL_CONVERSION = YES;
				CLANG_WARN_OBJC_ROOT_CLASS = YES_ERROR;
				CLANG_WARN_QUOTED_INCLUDE_IN_FRAMEWORK_HEADER = YES;
				CLANG_WARN_RANGE_LOOP_ANALYSIS = YES;
				CLANG_WARN_STRICT_PROTOTYPES = YES;
				CLANG_WARN_SUSPICIOUS_MOVE = YES;
				CLANG_WARN_UNGUARDED_AVAILABILITY = YES_AGGRESSIVE;
				CLANG_WARN_UNREACHABLE_CODE = YES;
				CLANG_WARN__DUPLICATE_METHOD_MATCH = YES;
				COPY_PHASE_STRIP = NO;
				DEBUG_INFORMATION_FORMAT = "dwarf-with-dsym";
				ENABLE_NS_ASSERTIONS = NO;
				ENABLE_STRICT_OBJC_MSGSEND = YES;
				GCC_C_LANGUAGE_STANDARD = gnu11;
				GCC_NO_COMMON_BLOCKS = YES;
				GCC_WARN_64_TO_32_BIT_CONVERSION = YES;
				GCC_WARN_ABOUT_RETURN_TYPE = YES_ERROR;
				GCC_WARN_UNDECLARED_SELECTOR = YES;
				GCC_WARN_UNINITIALIZED_AUTOS = YES_AGGRESSIVE;
				GCC_WARN_UNUSED_FUNCTION = YES;
				GCC_WARN_UNUSED_VARIABLE = YES;
				IPHONEOS_DEPLOYMENT_TARGET = 14.5;
				MTL_ENABLE_DEBUG_INFO = NO;
				MTL_FAST_MATH = YES;
				SDKROOT = iphoneos;
				SWIFT_COMPILATION_MODE = wholemodule;
				SWIFT_OPTIMIZATION_LEVEL = "-O";
				VALIDATE_PRODUCT = YES;
			};
			name = Release;
		};
		ACE517A126A4324600027B64 /* Debug */ = {
			isa = XCBuildConfiguration;
			buildSettings = {
				ASSETCATALOG_COMPILER_APPICON_NAME = AppIcon;
				ASSETCATALOG_COMPILER_GLOBAL_ACCENT_COLOR_NAME = AccentColor;
				CODE_SIGN_STYLE = Automatic;
				CURRENT_PROJECT_VERSION = 1;
				DEVELOPMENT_TEAM = BY7K35VQV5;
				GENERATE_INFOPLIST_FILE = YES;
				INFOPLIST_FILE = TouchesVisualizer/Info.plist;
				INFOPLIST_KEY_CFBundleExecutable = TouchesVisualizer;
				INFOPLIST_KEY_CFBundleName = TouchesVisualizer;
				INFOPLIST_KEY_CFBundleVersion = 1;
				INFOPLIST_KEY_UIApplicationSupportsIndirectInputEvents = YES;
				INFOPLIST_KEY_UILaunchStoryboardName = LaunchScreen;
				INFOPLIST_KEY_UISupportedInterfaceOrientations_iPad = "UIInterfaceOrientationPortrait UIInterfaceOrientationPortraitUpsideDown UIInterfaceOrientationLandscapeLeft UIInterfaceOrientationLandscapeRight";
				INFOPLIST_KEY_UISupportedInterfaceOrientations_iPhone = "UIInterfaceOrientationPortrait UIInterfaceOrientationLandscapeLeft UIInterfaceOrientationLandscapeRight";
				LD_RUNPATH_SEARCH_PATHS = (
					"$(inherited)",
					"@executable_path/Frameworks",
				);
				MARKETING_VERSION = 1.0;
				PRODUCT_BUNDLE_IDENTIFIER = fr.podlewski.alexandre.TouchesVisualizer;
				PRODUCT_NAME = "$(TARGET_NAME)";
				SWIFT_EMIT_LOC_STRINGS = YES;
				SWIFT_VERSION = 5.0;
				TARGETED_DEVICE_FAMILY = "1,2";
			};
			name = Debug;
		};
		ACE517A226A4324600027B64 /* Release */ = {
			isa = XCBuildConfiguration;
			buildSettings = {
				ASSETCATALOG_COMPILER_APPICON_NAME = AppIcon;
				ASSETCATALOG_COMPILER_GLOBAL_ACCENT_COLOR_NAME = AccentColor;
				CODE_SIGN_STYLE = Automatic;
				CURRENT_PROJECT_VERSION = 1;
				DEVELOPMENT_TEAM = BY7K35VQV5;
				GENERATE_INFOPLIST_FILE = YES;
				INFOPLIST_FILE = TouchesVisualizer/Info.plist;
				INFOPLIST_KEY_CFBundleExecutable = TouchesVisualizer;
				INFOPLIST_KEY_CFBundleName = TouchesVisualizer;
				INFOPLIST_KEY_CFBundleVersion = 1;
				INFOPLIST_KEY_UIApplicationSupportsIndirectInputEvents = YES;
				INFOPLIST_KEY_UILaunchStoryboardName = LaunchScreen;
				INFOPLIST_KEY_UISupportedInterfaceOrientations_iPad = "UIInterfaceOrientationPortrait UIInterfaceOrientationPortraitUpsideDown UIInterfaceOrientationLandscapeLeft UIInterfaceOrientationLandscapeRight";
				INFOPLIST_KEY_UISupportedInterfaceOrientations_iPhone = "UIInterfaceOrientationPortrait UIInterfaceOrientationLandscapeLeft UIInterfaceOrientationLandscapeRight";
				LD_RUNPATH_SEARCH_PATHS = (
					"$(inherited)",
					"@executable_path/Frameworks",
				);
				MARKETING_VERSION = 1.0;
				PRODUCT_BUNDLE_IDENTIFIER = fr.podlewski.alexandre.TouchesVisualizer;
				PRODUCT_NAME = "$(TARGET_NAME)";
				SWIFT_EMIT_LOC_STRINGS = YES;
				SWIFT_VERSION = 5.0;
				TARGETED_DEVICE_FAMILY = "1,2";
			};
			name = Release;
		};
		ACE517E026AE3BEE00027B64 /* Debug */ = {
			isa = XCBuildConfiguration;
			buildSettings = {
				CODE_SIGN_STYLE = Automatic;
				CURRENT_PROJECT_VERSION = 1;
				DEVELOPMENT_TEAM = BY7K35VQV5;
				GENERATE_INFOPLIST_FILE = YES;
				IPHONEOS_DEPLOYMENT_TARGET = 15.0;
				LD_RUNPATH_SEARCH_PATHS = (
					"$(inherited)",
					"@executable_path/Frameworks",
					"@loader_path/Frameworks",
				);
				MARKETING_VERSION = 1.0;
				PRODUCT_BUNDLE_IDENTIFIER = fr.podlewski.alexandre.FastlaneSnapshots;
				PRODUCT_NAME = "$(TARGET_NAME)";
				SWIFT_EMIT_LOC_STRINGS = NO;
				SWIFT_VERSION = 5.0;
				TARGETED_DEVICE_FAMILY = "1,2";
				TEST_TARGET_NAME = TouchesVisualizer;
			};
			name = Debug;
		};
		ACE517E126AE3BEE00027B64 /* Release */ = {
			isa = XCBuildConfiguration;
			buildSettings = {
				CODE_SIGN_STYLE = Automatic;
				CURRENT_PROJECT_VERSION = 1;
				DEVELOPMENT_TEAM = BY7K35VQV5;
				GENERATE_INFOPLIST_FILE = YES;
				IPHONEOS_DEPLOYMENT_TARGET = 15.0;
				LD_RUNPATH_SEARCH_PATHS = (
					"$(inherited)",
					"@executable_path/Frameworks",
					"@loader_path/Frameworks",
				);
				MARKETING_VERSION = 1.0;
				PRODUCT_BUNDLE_IDENTIFIER = fr.podlewski.alexandre.FastlaneSnapshots;
				PRODUCT_NAME = "$(TARGET_NAME)";
				SWIFT_EMIT_LOC_STRINGS = NO;
				SWIFT_VERSION = 5.0;
				TARGETED_DEVICE_FAMILY = "1,2";
				TEST_TARGET_NAME = TouchesVisualizer;
			};
			name = Release;
		};
/* End XCBuildConfiguration section */

/* Begin XCConfigurationList section */
		ACE5177326A4324400027B64 /* Build configuration list for PBXProject "TouchesVisualizer" */ = {
			isa = XCConfigurationList;
			buildConfigurations = (
				ACE5179E26A4324600027B64 /* Debug */,
				ACE5179F26A4324600027B64 /* Release */,
			);
			defaultConfigurationIsVisible = 0;
			defaultConfigurationName = Release;
		};
		ACE517A026A4324600027B64 /* Build configuration list for PBXNativeTarget "TouchesVisualizer" */ = {
			isa = XCConfigurationList;
			buildConfigurations = (
				ACE517A126A4324600027B64 /* Debug */,
				ACE517A226A4324600027B64 /* Release */,
			);
			defaultConfigurationIsVisible = 0;
			defaultConfigurationName = Release;
		};
		ACE517E226AE3BEE00027B64 /* Build configuration list for PBXNativeTarget "FastlaneSnapshots" */ = {
			isa = XCConfigurationList;
			buildConfigurations = (
				ACE517E026AE3BEE00027B64 /* Debug */,
				ACE517E126AE3BEE00027B64 /* Release */,
			);
			defaultConfigurationIsVisible = 0;
			defaultConfigurationName = Release;
		};
/* End XCConfigurationList section */

/* Begin XCSwiftPackageProductDependency section */
		ACE517D426ACD8D900027B64 /* GestureVisualizer */ = {
			isa = XCSwiftPackageProductDependency;
			productName = GestureVisualizer;
		};
/* End XCSwiftPackageProductDependency section */
	};
	rootObject = ACE5177026A4324400027B64 /* Project object */;
}
